
Microsoft Visual Studio Solution File, Format Version 12.00
# Visual Studio Version 17
VisualStudioVersion = 17.11.35208.52
MinimumVisualStudioVersion = 10.0.40219.1
Project("{FAE04EC0-301F-11D3-BF4B-00C04F79EFBC}") = "First_AzureKeyVault", "First_AzureKeyVault.csproj", "{92F515E5-EBB8-456B-B04E-9CD1D15045D5}"
EndProject
Global
	GlobalSection(SolutionConfigurationPlatforms) = preSolution
		Debug|Any CPU = Debug|Any CPU
		Release|Any CPU = Release|Any CPU
	EndGlobalSection
	GlobalSection(ProjectConfigurationPlatforms) = postSolution
		{92F515E5-EBB8-456B-B04E-9CD1D15045D5}.Debug|Any CPU.ActiveCfg = Debug|Any CPU
		{92F515E5-EBB8-456B-B04E-9CD1D15045D5}.Debug|Any CPU.Build.0 = Debug|Any CPU
		{92F515E5-EBB8-456B-B04E-9CD1D15045D5}.Release|Any CPU.ActiveCfg = Release|Any CPU
		{92F515E5-EBB8-456B-B04E-9CD1D15045D5}.Release|Any CPU.Build.0 = Release|Any CPU
	EndGlobalSection
	GlobalSection(SolutionProperties) = preSolution
		HideSolutionNode = FALSE
	EndGlobalSection
	GlobalSection(ExtensibilityGlobals) = postSolution
		SolutionGuid = {C8742C15-3F62-450C-9107-ADC18686CECD}
	EndGlobalSection
EndGlobal
